
Microsoft Visual Studio Solution File, Format Version 12.00
# Visual Studio Version 17
VisualStudioVersion = 17.1.32421.90
MinimumVisualStudioVersion = 10.0.40219.1
Project("{FAE04EC0-301F-11D3-BF4B-00C04F79EFBC}") = "EmpWage", "EmpWage\EmpWage.csproj", "{88B4CB07-2524-4885-B0EF-FA014CEF0B12}"
EndProject
Global
	GlobalSection(SolutionConfigurationPlatforms) = preSolution
		Debug|Any CPU = Debug|Any CPU
		Release|Any CPU = Release|Any CPU
	EndGlobalSection
	GlobalSection(ProjectConfigurationPlatforms) = postSolution
		{88B4CB07-2524-4885-B0EF-FA014CEF0B12}.Debug|Any CPU.ActiveCfg = Debug|Any CPU
		{88B4CB07-2524-4885-B0EF-FA014CEF0B12}.Debug|Any CPU.Build.0 = Debug|Any CPU
		{88B4CB07-2524-4885-B0EF-FA014CEF0B12}.Release|Any CPU.ActiveCfg = Release|Any CPU
		{88B4CB07-2524-4885-B0EF-FA014CEF0B12}.Release|Any CPU.Build.0 = Release|Any CPU
	EndGlobalSection
	GlobalSection(SolutionProperties) = preSolution
		HideSolutionNode = FALSE
	EndGlobalSection
	GlobalSection(ExtensibilityGlobals) = postSolution
		SolutionGuid = {1E4E20C7-AD8F-422A-9A9D-D82DE5F453B9}
	EndGlobalSection
EndGlobal
